
Microsoft Visual Studio Solution File, Format Version 12.00
# Visual Studio Version 17
VisualStudioVersion = 17.7.34221.43
MinimumVisualStudioVersion = 10.0.40219.1
Project("{FAE04EC0-301F-11D3-BF4B-00C04F79EFBC}") = "BankApp-GroupProject", "BankApp-GroupProject.csproj", "{6BAF8CEC-A9A1-4939-897F-8B5C43BD3D88}"
EndProject
Global
	GlobalSection(SolutionConfigurationPlatforms) = preSolution
		Debug|Any CPU = Debug|Any CPU
		Release|Any CPU = Release|Any CPU
	EndGlobalSection
	GlobalSection(ProjectConfigurationPlatforms) = postSolution
		{6BAF8CEC-A9A1-4939-897F-8B5C43BD3D88}.Debug|Any CPU.ActiveCfg = Debug|Any CPU
		{6BAF8CEC-A9A1-4939-897F-8B5C43BD3D88}.Debug|Any CPU.Build.0 = Debug|Any CPU
		{6BAF8CEC-A9A1-4939-897F-8B5C43BD3D88}.Release|Any CPU.ActiveCfg = Release|Any CPU
		{6BAF8CEC-A9A1-4939-897F-8B5C43BD3D88}.Release|Any CPU.Build.0 = Release|Any CPU
	EndGlobalSection
	GlobalSection(SolutionProperties) = preSolution
		HideSolutionNode = FALSE
	EndGlobalSection
	GlobalSection(ExtensibilityGlobals) = postSolution
		SolutionGuid = {C9B7B352-3FFA-46F6-8F4E-E0099E944019}
	EndGlobalSection
EndGlobal
